
Microsoft Visual Studio Solution File, Format Version 12.00
# Visual Studio Version 17
VisualStudioVersion = 17.8.34316.72
MinimumVisualStudioVersion = 10.0.40219.1
Project("{FAE04EC0-301F-11D3-BF4B-00C04F79EFBC}") = "CoursRegistration.API", "CoursRegistration.API.csproj", "{AE949957-BB48-40AD-A835-842972F44118}"
EndProject
Global
	GlobalSection(SolutionConfigurationPlatforms) = preSolution
		Debug|Any CPU = Debug|Any CPU
		Release|Any CPU = Release|Any CPU
	EndGlobalSection
	GlobalSection(ProjectConfigurationPlatforms) = postSolution
		{AE949957-BB48-40AD-A835-842972F44118}.Debug|Any CPU.ActiveCfg = Debug|Any CPU
		{AE949957-BB48-40AD-A835-842972F44118}.Debug|Any CPU.Build.0 = Debug|Any CPU
		{AE949957-BB48-40AD-A835-842972F44118}.Release|Any CPU.ActiveCfg = Release|Any CPU
		{AE949957-BB48-40AD-A835-842972F44118}.Release|Any CPU.Build.0 = Release|Any CPU
	EndGlobalSection
	GlobalSection(SolutionProperties) = preSolution
		HideSolutionNode = FALSE
	EndGlobalSection
	GlobalSection(ExtensibilityGlobals) = postSolution
		SolutionGuid = {7D0263E7-A92B-4E8A-8111-5D66EB7D5762}
	EndGlobalSection
EndGlobal
